<?xml version="1.0" encoding="utf-8"?>
<Project ToolsVersion="4.0" xmlns="http://schemas.microsoft.com/developer/msbuild/2003">
  <ItemGroup>
    <ClCompile Include="..\extern\re2\re2\bitstate.cc">
      <Filter>extern\re2</Filter>
    </ClCompile>
    <ClCompile Include="..\extern\re2\re2\compile.cc">
      <Filter>extern\re2</Filter>
    </ClCompile>
    <ClCompile Include="..\extern\re2\re2\dfa.cc">
      <Filter>extern\re2</Filter>
    </ClCompile>
    <ClCompile Include="..\extern\re2\util\hash.cc">
      <Filter>extern\re2</Filter>
    </ClCompile>
    <ClCompile Include="..\extern\lz4\lz4.c">
      <Filter>extern\lz4</Filter>
    </ClCompile>
    <ClCompile Include="..\extern\lz4\lz4hc.c">
      <Filter>extern\lz4</Filter>
    </ClCompile>
    <ClCompile Include="build.cpp">
      <Filter>src</Filter>
    </ClCompile>
    <ClCompile Include="fileutil.cpp">
      <Filter>src</Filter>
    </ClCompile>
    <ClCompile Include="init.cpp">
      <Filter>src</Filter>
    </ClCompile>
    <ClCompile Include="main.cpp">
      <Filter>src</Filter>
    </ClCompile>
    <ClCompile Include="..\extern\re2\re2\nfa.cc">
      <Filter>extern\re2</Filter>
    </ClCompile>
    <ClCompile Include="..\extern\re2\re2\onepass.cc">
      <Filter>extern\re2</Filter>
    </ClCompile>
    <ClCompile Include="..\extern\re2\re2\parse.cc">
      <Filter>extern\re2</Filter>
    </ClCompile>
    <ClCompile Include="..\extern\re2\re2\perl_groups.cc">
      <Filter>extern\re2</Filter>
    </ClCompile>
    <ClCompile Include="..\extern\re2\re2\prog.cc">
      <Filter>extern\re2</Filter>
    </ClCompile>
    <ClCompile Include="project.cpp">
      <Filter>src</Filter>
    </ClCompile>
    <ClCompile Include="..\extern\re2\re2\re2.cc">
      <Filter>extern\re2</Filter>
    </ClCompile>
    <ClCompile Include="..\extern\re2\re2\regexp.cc">
      <Filter>extern\re2</Filter>
    </ClCompile>
    <ClCompile Include="..\extern\re2\util\rune.cc">
      <Filter>extern\re2</Filter>
    </ClCompile>
    <ClCompile Include="search.cpp">
      <Filter>src</Filter>
    </ClCompile>
    <ClCompile Include="..\extern\re2\re2\simplify.cc">
      <Filter>extern\re2</Filter>
    </ClCompile>
    <ClCompile Include="..\extern\re2\util\stringpiece.cc">
      <Filter>extern\re2</Filter>
    </ClCompile>
    <ClCompile Include="..\extern\re2\util\stringprintf.cc">
      <Filter>extern\re2</Filter>
    </ClCompile>
    <ClCompile Include="..\extern\re2\util\strutil.cc">
      <Filter>extern\re2</Filter>
    </ClCompile>
    <ClCompile Include="..\extern\re2\re2\tostring.cc">
      <Filter>extern\re2</Filter>
    </ClCompile>
    <ClCompile Include="..\extern\re2\re2\unicode_casefold.cc">
      <Filter>extern\re2</Filter>
    </ClCompile>
    <ClCompile Include="..\extern\re2\re2\unicode_groups.cc">
      <Filter>extern\re2</Filter>
    </ClCompile>
    <ClCompile Include="workqueue.cpp">
      <Filter>src</Filter>
    </ClCompile>
    <ClCompile Include="regex.cpp">
      <Filter>src</Filter>
    </ClCompile>
    <ClCompile Include="orderedoutput.cpp">
      <Filter>src</Filter>
    </ClCompile>
    <ClCompile Include="blockpool.cpp">
      <Filter>src</Filter>
    </ClCompile>
    <ClCompile Include="encoding.cpp">
      <Filter>src</Filter>
    </ClCompile>
    <ClCompile Include="update.cpp">
      <Filter>src</Filter>
    </ClCompile>
    <ClCompile Include="files.cpp">
      <Filter>src</Filter>
    </ClCompile>
    <ClCompile Include="..\extern\re2\re2\prefilter.cc">
      <Filter>extern\re2</Filter>
    </ClCompile>
    <ClCompile Include="..\extern\re2\re2\prefilter_tree.cc">
      <Filter>extern\re2</Filter>
    </ClCompile>
    <ClCompile Include="info.cpp">
      <Filter>src</Filter>
    </ClCompile>
  </ItemGroup>
  <ItemGroup>
    <ClInclude Include="..\extern\lz4\lz4.h">
      <Filter>extern\lz4</Filter>
    </ClInclude>
    <ClInclude Include="..\extern\lz4\lz4hc.h">
      <Filter>extern\lz4</Filter>
    </ClInclude>
    <ClInclude Include="fileutil.hpp">
      <Filter>src</Filter>
    </ClInclude>
    <ClInclude Include="format.hpp">
      <Filter>src</Filter>
    </ClInclude>
    <ClInclude Include="..\extern\re2\re2\prog.h">
      <Filter>extern\re2</Filter>
    </ClInclude>
    <ClInclude Include="project.hpp">
      <Filter>src</Filter>
    </ClInclude>
    <ClInclude Include="..\extern\re2\re2\re2.h">
      <Filter>extern\re2</Filter>
    </ClInclude>
    <ClInclude Include="..\extern\re2\re2\regexp.h">
      <Filter>extern\re2</Filter>
    </ClInclude>
    <ClInclude Include="..\extern\re2\util\sparse_array.h">
      <Filter>extern\re2</Filter>
    </ClInclude>
    <ClInclude Include="..\extern\re2\util\sparse_set.h">
      <Filter>extern\re2</Filter>
    </ClInclude>
    <ClInclude Include="..\extern\re2\re2\unicode_casefold.h">
      <Filter>extern\re2</Filter>
    </ClInclude>
    <ClInclude Include="..\extern\re2\re2\unicode_groups.h">
      <Filter>extern\re2</Filter>
    </ClInclude>
    <ClInclude Include="..\extern\re2\re2\variadic_function.h">
      <Filter>extern\re2</Filter>
    </ClInclude>
    <ClInclude Include="workqueue.hpp">
      <Filter>src</Filter>
    </ClInclude>
    <ClInclude Include="regex.hpp">
      <Filter>src</Filter>
    </ClInclude>
    <ClInclude Include="orderedoutput.hpp">
      <Filter>src</Filter>
    </ClInclude>
    <ClInclude Include="blockingqueue.hpp">
      <Filter>src</Filter>
    </ClInclude>
    <ClInclude Include="constants.hpp">
      <Filter>src</Filter>
    </ClInclude>
    <ClInclude Include="build.hpp">
      <Filter>src</Filter>
    </ClInclude>
    <ClInclude Include="init.hpp">
      <Filter>src</Filter>
    </ClInclude>
    <ClInclude Include="search.hpp">
      <Filter>src</Filter>
    </ClInclude>
    <ClInclude Include="blockpool.hpp">
      <Filter>src</Filter>
    </ClInclude>
    <ClInclude Include="encoding.hpp">
      <Filter>src</Filter>
    </ClInclude>
    <ClInclude Include="update.hpp">
      <Filter>src</Filter>
    </ClInclude>
    <ClInclude Include="files.hpp">
      <Filter>src</Filter>
    </ClInclude>
    <ClInclude Include="stringutil.hpp">
      <Filter>src</Filter>
    </ClInclude>
    <ClInclude Include="output.hpp">
      <Filter>src</Filter>
    </ClInclude>
    <ClInclude Include="bloom.hpp">
      <Filter>src</Filter>
    </ClInclude>
    <ClInclude Include="casefold.hpp">
      <Filter>src</Filter>
    </ClInclude>
    <ClInclude Include="..\extern\re2\re2\prefilter.h">
      <Filter>extern\re2</Filter>
    </ClInclude>
    <ClInclude Include="..\extern\re2\re2\prefilter_tree.h">
      <Filter>extern\re2</Filter>
    </ClInclude>
    <ClInclude Include="info.hpp">
      <Filter>src</Filter>
    </ClInclude>
  </ItemGroup>
  <ItemGroup>
    <Filter Include="src">
      <UniqueIdentifier>{1745b7c2-6959-48f4-9f76-c21b78314c6e}</UniqueIdentifier>
    </Filter>
    <Filter Include="extern">
      <UniqueIdentifier>{0e3155d3-977c-4402-9120-26feb9605f57}</UniqueIdentifier>
    </Filter>
    <Filter Include="extern\re2">
      <UniqueIdentifier>{4fa22d59-61ea-40ba-9281-b19a7fac727c}</UniqueIdentifier>
    </Filter>
    <Filter Include="extern\lz4">
      <UniqueIdentifier>{fcaac51e-59e9-4784-a8d6-d507224a14e4}</UniqueIdentifier>
    </Filter>
  </ItemGroup>
</Project>