<?xml version="1.0" encoding="utf-8"?>
<Project ToolsVersion="4.0" xmlns="http://schemas.microsoft.com/developer/msbuild/2003">
  <ItemGroup>
    <Filter Include="extern">
      <UniqueIdentifier>{208845cb-1f0f-48f7-8400-ad49f460ff0f}</UniqueIdentifier>
    </Filter>
    <Filter Include="extern\lz4">
      <UniqueIdentifier>{de70baff-5b7e-491d-921d-0a318b897ca9}</UniqueIdentifier>
    </Filter>
    <Filter Include="src">
      <UniqueIdentifier>{3bc035cd-53b6-445b-9bad-8c4a380bb7ed}</UniqueIdentifier>
    </Filter>
    <Filter Include="extern\re2">
      <UniqueIdentifier>{9bbdcc94-14ee-442d-bd5f-ef2565a49419}</UniqueIdentifier>
    </Filter>
    <Filter Include="extern\re2\re2">
      <UniqueIdentifier>{c496f933-b596-44ea-a32b-62df6e6e880d}</UniqueIdentifier>
    </Filter>
    <Filter Include="extern\re2\util">
      <UniqueIdentifier>{9a127ef2-6831-4916-b74b-db6aa6ac6204}</UniqueIdentifier>
    </Filter>
  </ItemGroup>
  <ItemGroup>
    <ClCompile Include="..\extern\lz4\lz4.c">
      <Filter>extern\lz4</Filter>
    </ClCompile>
    <ClCompile Include="qrep.cpp">
      <Filter>src</Filter>
    </ClCompile>
    <ClCompile Include="..\extern\re2\re2\compile.cc">
      <Filter>extern\re2\re2</Filter>
    </ClCompile>
    <ClCompile Include="..\extern\re2\re2\re2.cc">
      <Filter>extern\re2\re2</Filter>
    </ClCompile>
    <ClCompile Include="..\extern\re2\re2\regexp.cc">
      <Filter>extern\re2\re2</Filter>
    </ClCompile>
    <ClCompile Include="..\extern\re2\util\rune.cc">
      <Filter>extern\re2\util</Filter>
    </ClCompile>
    <ClCompile Include="..\extern\re2\re2\simplify.cc">
      <Filter>extern\re2\re2</Filter>
    </ClCompile>
    <ClCompile Include="..\extern\re2\re2\prog.cc">
      <Filter>extern\re2\re2</Filter>
    </ClCompile>
    <ClCompile Include="..\extern\re2\re2\dfa.cc">
      <Filter>extern\re2\re2</Filter>
    </ClCompile>
    <ClCompile Include="..\extern\re2\util\stringprintf.cc">
      <Filter>extern\re2\util</Filter>
    </ClCompile>
    <ClCompile Include="..\extern\re2\util\hash.cc">
      <Filter>extern\re2\util</Filter>
    </ClCompile>
    <ClCompile Include="..\extern\re2\util\strutil.cc">
      <Filter>extern\re2\util</Filter>
    </ClCompile>
    <ClCompile Include="..\extern\re2\re2\bitstate.cc">
      <Filter>extern\re2\re2</Filter>
    </ClCompile>
    <ClCompile Include="..\extern\re2\re2\parse.cc">
      <Filter>extern\re2\re2</Filter>
    </ClCompile>
    <ClCompile Include="..\extern\re2\re2\unicode_casefold.cc">
      <Filter>extern\re2\re2</Filter>
    </ClCompile>
    <ClCompile Include="..\extern\re2\re2\unicode_groups.cc">
      <Filter>extern\re2\re2</Filter>
    </ClCompile>
    <ClCompile Include="..\extern\re2\util\stringpiece.cc">
      <Filter>extern\re2\util</Filter>
    </ClCompile>
    <ClCompile Include="..\extern\re2\re2\perl_groups.cc">
      <Filter>extern\re2\re2</Filter>
    </ClCompile>
    <ClCompile Include="..\extern\re2\re2\tostring.cc">
      <Filter>extern\re2\re2</Filter>
    </ClCompile>
    <ClCompile Include="..\extern\re2\re2\nfa.cc">
      <Filter>extern\re2\re2</Filter>
    </ClCompile>
    <ClCompile Include="..\extern\re2\re2\onepass.cc">
      <Filter>extern\re2\re2</Filter>
    </ClCompile>
    <ClCompile Include="build.cpp">
      <Filter>src</Filter>
    </ClCompile>
    <ClCompile Include="fileutil.cpp">
      <Filter>src</Filter>
    </ClCompile>
  </ItemGroup>
  <ItemGroup>
    <ClInclude Include="..\extern\lz4\lz4.h">
      <Filter>extern\lz4</Filter>
    </ClInclude>
    <ClInclude Include="..\extern\re2\re2\re2.h">
      <Filter>extern\re2\re2</Filter>
    </ClInclude>
    <ClInclude Include="..\extern\re2\re2\regexp.h">
      <Filter>extern\re2\re2</Filter>
    </ClInclude>
    <ClInclude Include="..\extern\re2\re2\variadic_function.h">
      <Filter>extern\re2\re2</Filter>
    </ClInclude>
    <ClInclude Include="..\extern\re2\re2\prog.h">
      <Filter>extern\re2\re2</Filter>
    </ClInclude>
    <ClInclude Include="..\extern\re2\util\sparse_array.h">
      <Filter>extern\re2\util</Filter>
    </ClInclude>
    <ClInclude Include="..\extern\re2\util\sparse_set.h">
      <Filter>extern\re2\util</Filter>
    </ClInclude>
    <ClInclude Include="..\extern\re2\re2\unicode_casefold.h">
      <Filter>extern\re2\re2</Filter>
    </ClInclude>
    <ClInclude Include="..\extern\re2\re2\unicode_groups.h">
      <Filter>extern\re2\re2</Filter>
    </ClInclude>
    <ClInclude Include="qrep.hpp">
      <Filter>src</Filter>
    </ClInclude>
    <ClInclude Include="fileutil.hpp">
      <Filter>src</Filter>
    </ClInclude>
  </ItemGroup>
</Project>
